<?xml version="1.0" encoding="utf-8"?>
<Project ToolsVersion="4.0" xmlns="http://schemas.microsoft.com/developer/msbuild/2003">
  <ItemGroup>
    <Filter Include="Quelldateien">
      <UniqueIdentifier>{4FC737F1-C7A5-4376-A066-2A32D752A2FF}</UniqueIdentifier>
      <Extensions>cpp;c;cc;cxx;def;odl;idl;hpj;bat;asm;asmx</Extensions>
    </Filter>
    <Filter Include="Headerdateien">
      <UniqueIdentifier>{93995380-89BD-4b04-88EB-625FBE52EBFB}</UniqueIdentifier>
      <Extensions>h;hpp;hxx;hm;inl;inc;xsd</Extensions>
    </Filter>
    <Filter Include="Ressourcendateien">
      <UniqueIdentifier>{67DA6AB6-F800-4c08-8B7A-83BB121AAD01}</UniqueIdentifier>
      <Extensions>rc;ico;cur;bmp;dlg;rc2;rct;bin;rgs;gif;jpg;jpeg;jpe;resx;tiff;tif;png;wav</Extensions>
    </Filter>
  </ItemGroup>
  <ItemGroup>
    <ClCompile Include="besch\writer\bridge_writer.cc">
      <Filter>Quelldateien</Filter>
    </ClCompile>
    <ClCompile Include="besch\writer\building_writer.cc">
      <Filter>Quelldateien</Filter>
    </ClCompile>
    <ClCompile Include="besch\writer\citycar_writer.cc">
      <Filter>Quelldateien</Filter>
    </ClCompile>
    <ClCompile Include="besch\writer\crossing_writer.cc">
      <Filter>Quelldateien</Filter>
    </ClCompile>
    <ClCompile Include="besch\writer\factory_writer.cc">
      <Filter>Quelldateien</Filter>
    </ClCompile>
    <ClCompile Include="dataobj\freelist.cc">
      <Filter>Quelldateien</Filter>
    </ClCompile>
    <ClCompile Include="besch\writer\get_climate.cc">
      <Filter>Quelldateien</Filter>
    </ClCompile>
    <ClCompile Include="besch\writer\get_waytype.cc">
      <Filter>Quelldateien</Filter>
    </ClCompile>
    <ClCompile Include="besch\writer\good_writer.cc">
      <Filter>Quelldateien</Filter>
    </ClCompile>
    <ClCompile Include="besch\writer\ground_writer.cc">
      <Filter>Quelldateien</Filter>
    </ClCompile>
    <ClCompile Include="besch\writer\groundobj_writer.cc">
      <Filter>Quelldateien</Filter>
    </ClCompile>
    <ClCompile Include="besch\writer\image_writer.cc">
      <Filter>Quelldateien</Filter>
    </ClCompile>
    <ClCompile Include="besch\writer\imagelist2d_writer.cc">
      <Filter>Quelldateien</Filter>
    </ClCompile>
    <ClCompile Include="besch\writer\imagelist_writer.cc">
      <Filter>Quelldateien</Filter>
    </ClCompile>
    <ClCompile Include="makeobj\makeobj.cc">
      <Filter>Quelldateien</Filter>
    </ClCompile>
    <ClCompile Include="besch\writer\obj_node.cc">
      <Filter>Quelldateien</Filter>
    </ClCompile>
    <ClCompile Include="besch\writer\obj_writer.cc">
      <Filter>Quelldateien</Filter>
    </ClCompile>
    <ClCompile Include="besch\writer\pedestrian_writer.cc">
      <Filter>Quelldateien</Filter>
    </ClCompile>
    <ClCompile Include="besch\writer\roadsign_writer.cc">
      <Filter>Quelldateien</Filter>
    </ClCompile>
    <ClCompile Include="besch\writer\root_writer.cc">
      <Filter>Quelldateien</Filter>
    </ClCompile>
    <ClCompile Include="utils\searchfolder.cc">
      <Filter>Quelldateien</Filter>
    </ClCompile>
    <ClCompile Include="besch\writer\sim_writer.cc">
      <Filter>Quelldateien</Filter>
    </ClCompile>
    <ClCompile Include="simmem.cc">
      <Filter>Quelldateien</Filter>
    </ClCompile>
    <ClCompile Include="utils\simrandom.cc">
      <Filter>Quelldateien</Filter>
    </ClCompile>
    <ClCompile Include="utils\simstring.cc">
      <Filter>Quelldateien</Filter>
    </ClCompile>
    <ClCompile Include="besch\writer\skin_writer.cc">
      <Filter>Quelldateien</Filter>
    </ClCompile>
    <ClCompile Include="besch\writer\sound_writer.cc">
      <Filter>Quelldateien</Filter>
    </ClCompile>
    <ClCompile Include="dataobj\tabfile.cc">
      <Filter>Quelldateien</Filter>
    </ClCompile>
    <ClCompile Include="besch\writer\text_writer.cc">
      <Filter>Quelldateien</Filter>
    </ClCompile>
    <ClCompile Include="besch\writer\tree_writer.cc">
      <Filter>Quelldateien</Filter>
    </ClCompile>
    <ClCompile Include="besch\writer\tunnel_writer.cc">
      <Filter>Quelldateien</Filter>
    </ClCompile>
    <ClCompile Include="besch\writer\vehicle_writer.cc">
      <Filter>Quelldateien</Filter>
    </ClCompile>
    <ClCompile Include="besch\writer\way_obj_writer.cc">
      <Filter>Quelldateien</Filter>
    </ClCompile>
    <ClCompile Include="besch\writer\way_writer.cc">
      <Filter>Quelldateien</Filter>
    </ClCompile>
    <ClCompile Include="besch\writer\xref_writer.cc">
      <Filter>Quelldateien</Filter>
    </ClCompile>
    <ClCompile Include="utils\dr_rdpng.cc">
      <Filter>Quelldateien</Filter>
    </ClCompile>
  </ItemGroup>
  <ItemGroup>
    <ClInclude Include="besch\baum_besch.h">
      <Filter>Headerdateien</Filter>
    </ClInclude>
    <ClInclude Include="besch\bild_besch.h">
      <Filter>Headerdateien</Filter>
    </ClInclude>
    <ClInclude Include="besch\bildliste2d_besch.h">
      <Filter>Headerdateien</Filter>
    </ClInclude>
    <ClInclude Include="besch\bildliste_besch.h">
      <Filter>Headerdateien</Filter>
    </ClInclude>
    <ClInclude Include="besch\writer\bridge_writer.h">
      <Filter>Headerdateien</Filter>
    </ClInclude>
    <ClInclude Include="besch\bruecke_besch.h">
      <Filter>Headerdateien</Filter>
    </ClInclude>
    <ClInclude Include="besch\writer\building_writer.h">
      <Filter>Headerdateien</Filter>
    </ClInclude>
    <ClInclude Include="besch\writer\citycar_writer.h">
      <Filter>Headerdateien</Filter>
    </ClInclude>
    <ClInclude Include="besch\writer\crossing_writer.h">
      <Filter>Headerdateien</Filter>
    </ClInclude>
    <ClInclude Include="tpl\debug_helper.h">
      <Filter>Headerdateien</Filter>
    </ClInclude>
    <ClInclude Include="utils\dr_rdpng.h">
      <Filter>Headerdateien</Filter>
    </ClInclude>
    <ClInclude Include="besch\fabrik_besch.h">
      <Filter>Headerdateien</Filter>
    </ClInclude>
    <ClInclude Include="besch\writer\factory_writer.h">
      <Filter>Headerdateien</Filter>
    </ClInclude>
    <ClInclude Include="dataobj\freelist.h">
      <Filter>Headerdateien</Filter>
    </ClInclude>
    <ClInclude Include="besch\fussgaenger_besch.h">
      <Filter>Headerdateien</Filter>
    </ClInclude>
    <ClInclude Include="besch\writer\get_climate.h">
      <Filter>Headerdateien</Filter>
    </ClInclude>
    <ClInclude Include="besch\writer\get_waytype.h">
      <Filter>Headerdateien</Filter>
    </ClInclude>
    <ClInclude Include="besch\writer\good_writer.h">
      <Filter>Headerdateien</Filter>
    </ClInclude>
    <ClInclude Include="besch\writer\ground_writer.h">
      <Filter>Headerdateien</Filter>
    </ClInclude>
    <ClInclude Include="besch\groundobj_besch.h">
      <Filter>Headerdateien</Filter>
    </ClInclude>
    <ClInclude Include="besch\writer\groundobj_writer.h">
      <Filter>Headerdateien</Filter>
    </ClInclude>
    <ClInclude Include="besch\grund_besch.h">
      <Filter>Headerdateien</Filter>
    </ClInclude>
    <ClInclude Include="besch\haus_besch.h">
      <Filter>Headerdateien</Filter>
    </ClInclude>
    <ClInclude Include="besch\writer\image_writer.h">
      <Filter>Headerdateien</Filter>
    </ClInclude>
    <ClInclude Include="besch\writer\imagelist2d_writer.h">
      <Filter>Headerdateien</Filter>
    </ClInclude>
    <ClInclude Include="besch\writer\imagelist_writer.h">
      <Filter>Headerdateien</Filter>
    </ClInclude>
    <ClInclude Include="besch\intro_dates.h">
      <Filter>Headerdateien</Filter>
    </ClInclude>
    <ClInclude Include="besch\kreuzung_besch.h">
      <Filter>Headerdateien</Filter>
    </ClInclude>
    <ClInclude Include="utils\log.h">
      <Filter>Headerdateien</Filter>
    </ClInclude>
    <ClInclude Include="besch\obj_besch.h">
      <Filter>Headerdateien</Filter>
    </ClInclude>
    <ClInclude Include="besch\obj_besch_std_name.h">
      <Filter>Headerdateien</Filter>
    </ClInclude>
    <ClInclude Include="besch\writer\obj_node.h">
      <Filter>Headerdateien</Filter>
    </ClInclude>
    <ClInclude Include="besch\obj_node_info.h">
      <Filter>Headerdateien</Filter>
    </ClInclude>
    <ClInclude Include="besch\writer\obj_pak_exception.h">
      <Filter>Headerdateien</Filter>
    </ClInclude>
    <ClInclude Include="besch\writer\obj_writer.h">
      <Filter>Headerdateien</Filter>
    </ClInclude>
    <ClInclude Include="besch\objversion.h">
      <Filter>Headerdateien</Filter>
    </ClInclude>
    <ClInclude Include="besch\writer\pedestrian_writer.h">
      <Filter>Headerdateien</Filter>
    </ClInclude>
    <ClInclude Include="besch\roadsign_besch.h">
      <Filter>Headerdateien</Filter>
    </ClInclude>
    <ClInclude Include="besch\writer\roadsign_writer.h">
      <Filter>Headerdateien</Filter>
    </ClInclude>
    <ClInclude Include="besch\writer\root_writer.h">
      <Filter>Headerdateien</Filter>
    </ClInclude>
    <ClInclude Include="utils\searchfolder.h">
      <Filter>Headerdateien</Filter>
    </ClInclude>
    <ClInclude Include="simdebug.h">
      <Filter>Headerdateien</Filter>
    </ClInclude>
    <ClInclude Include="simmem.h">
      <Filter>Headerdateien</Filter>
    </ClInclude>
    <ClInclude Include="utils\simrandom.h">
      <Filter>Headerdateien</Filter>
    </ClInclude>
    <ClInclude Include="utils\simstring.h">
      <Filter>Headerdateien</Filter>
    </ClInclude>
    <ClInclude Include="besch\skin_besch.h">
      <Filter>Headerdateien</Filter>
    </ClInclude>
    <ClInclude Include="besch\writer\skin_writer.h">
      <Filter>Headerdateien</Filter>
    </ClInclude>
    <ClInclude Include="besch\sound_besch.h">
      <Filter>Headerdateien</Filter>
    </ClInclude>
    <ClInclude Include="besch\writer\sound_writer.h">
      <Filter>Headerdateien</Filter>
    </ClInclude>
    <ClInclude Include="besch\spezial_obj_tpl.h">
      <Filter>Headerdateien</Filter>
    </ClInclude>
    <ClInclude Include="besch\stadtauto_besch.h">
      <Filter>Headerdateien</Filter>
    </ClInclude>
    <ClInclude Include="dataobj\tabfile.h">
      <Filter>Headerdateien</Filter>
    </ClInclude>
    <ClInclude Include="besch\text_besch.h">
      <Filter>Headerdateien</Filter>
    </ClInclude>
    <ClInclude Include="besch\writer\text_writer.h">
      <Filter>Headerdateien</Filter>
    </ClInclude>
    <ClInclude Include="besch\writer\tree_writer.h">
      <Filter>Headerdateien</Filter>
    </ClInclude>
    <ClInclude Include="besch\tunnel_besch.h">
      <Filter>Headerdateien</Filter>
    </ClInclude>
    <ClInclude Include="besch\writer\tunnel_writer.h">
      <Filter>Headerdateien</Filter>
    </ClInclude>
    <ClInclude Include="besch\writer\vehicle_writer.h">
      <Filter>Headerdateien</Filter>
    </ClInclude>
    <ClInclude Include="besch\vehikel_besch.h">
      <Filter>Headerdateien</Filter>
    </ClInclude>
    <ClInclude Include="besch\ware_besch.h">
      <Filter>Headerdateien</Filter>
    </ClInclude>
    <ClInclude Include="besch\way_obj_besch.h">
      <Filter>Headerdateien</Filter>
    </ClInclude>
    <ClInclude Include="besch\writer\way_obj_writer.h">
      <Filter>Headerdateien</Filter>
    </ClInclude>
    <ClInclude Include="besch\writer\way_writer.h">
      <Filter>Headerdateien</Filter>
    </ClInclude>
    <ClInclude Include="besch\weg_besch.h">
      <Filter>Headerdateien</Filter>
    </ClInclude>
    <ClInclude Include="besch\xref_besch.h">
      <Filter>Headerdateien</Filter>
    </ClInclude>
    <ClInclude Include="besch\writer\xref_writer.h">
      <Filter>Headerdateien</Filter>
    </ClInclude>
  </ItemGroup>
</Project>
