
Microsoft Visual Studio Solution File, Format Version 10.00
# Visual C++ Express 2008
Global
	GlobalSection(SolutionConfigurationPlatforms) = preSolution
		Debug SDL|Win32 = Debug SDL|Win32
		Debug|Win32 = Debug|Win32
		Release SDL|Win32 = Release SDL|Win32
		Release|Win32 = Release|Win32
	EndGlobalSection
	GlobalSection(SolutionProperties) = preSolution
		HideSolutionNode = FALSE
	EndGlobalSection
EndGlobal
