
Microsoft Visual Studio Solution File, Format Version 12.00
# Visual Studio Express 14 for Windows Desktop
VisualStudioVersion = 14.0.25420.1
MinimumVisualStudioVersion = 10.0.40219.1
Project("{8BC9CEB8-8B4A-11D0-8D11-00A0C91BC942}") = "Simutrans-Extended", "Simutrans-Experimental-BG.vcxproj", "{0621B295-BEB7-4767-82F1-F27995610323}"
EndProject
Project("{8BC9CEB8-8B4A-11D0-8D11-00A0C91BC942}") = "libbz2", "..\libbz2\libbz2.vcxproj", "{0C5138CA-9C98-4A1A-82B0-E28141DD828A}"
EndProject
Project("{8BC9CEB8-8B4A-11D0-8D11-00A0C91BC942}") = "Simutrans", "..\simutrans-aburch\Simutrans.vcxproj", "{22F1D479-5066-4DE7-BD4F-B297BEC21D1C}"
EndProject
Global
	GlobalSection(SolutionConfigurationPlatforms) = preSolution
		Debug (SDL)|Win32 = Debug (SDL)|Win32
		Debug (SDL)|x64 = Debug (SDL)|x64
		Debug Optimized|Win32 = Debug Optimized|Win32
		Debug Optimized|x64 = Debug Optimized|x64
		Debug|Win32 = Debug|Win32
		Debug|x64 = Debug|x64
		Release (SDL)|Win32 = Release (SDL)|Win32
		Release (SDL)|x64 = Release (SDL)|x64
		Release|Win32 = Release|Win32
		Release|x64 = Release|x64
	EndGlobalSection
	GlobalSection(ProjectConfigurationPlatforms) = postSolution
		{0621B295-BEB7-4767-82F1-F27995610323}.Debug (SDL)|Win32.ActiveCfg = Debug (SDL)|Win32
		{0621B295-BEB7-4767-82F1-F27995610323}.Debug (SDL)|Win32.Build.0 = Debug (SDL)|Win32
		{0621B295-BEB7-4767-82F1-F27995610323}.Debug (SDL)|x64.ActiveCfg = Debug (SDL)|Win32
		{0621B295-BEB7-4767-82F1-F27995610323}.Debug Optimized|Win32.ActiveCfg = Debug Optimized|Win32
		{0621B295-BEB7-4767-82F1-F27995610323}.Debug Optimized|Win32.Build.0 = Debug Optimized|Win32
		{0621B295-BEB7-4767-82F1-F27995610323}.Debug Optimized|x64.ActiveCfg = Debug Optimized|Win32
		{0621B295-BEB7-4767-82F1-F27995610323}.Debug|Win32.ActiveCfg = Debug|Win32
		{0621B295-BEB7-4767-82F1-F27995610323}.Debug|Win32.Build.0 = Debug|Win32
		{0621B295-BEB7-4767-82F1-F27995610323}.Debug|x64.ActiveCfg = Debug|Win32
		{0621B295-BEB7-4767-82F1-F27995610323}.Release (SDL)|Win32.ActiveCfg = Release (SDL)|Win32
		{0621B295-BEB7-4767-82F1-F27995610323}.Release (SDL)|Win32.Build.0 = Release (SDL)|Win32
		{0621B295-BEB7-4767-82F1-F27995610323}.Release (SDL)|x64.ActiveCfg = Release (SDL)|Win32
		{0621B295-BEB7-4767-82F1-F27995610323}.Release|Win32.ActiveCfg = Release|Win32
		{0621B295-BEB7-4767-82F1-F27995610323}.Release|Win32.Build.0 = Release|Win32
		{0621B295-BEB7-4767-82F1-F27995610323}.Release|x64.ActiveCfg = Release|Win32
		{0C5138CA-9C98-4A1A-82B0-E28141DD828A}.Debug (SDL)|Win32.ActiveCfg = Debug|Win32
		{0C5138CA-9C98-4A1A-82B0-E28141DD828A}.Debug (SDL)|Win32.Build.0 = Debug|Win32
		{0C5138CA-9C98-4A1A-82B0-E28141DD828A}.Debug (SDL)|x64.ActiveCfg = Debug|x64
		{0C5138CA-9C98-4A1A-82B0-E28141DD828A}.Debug (SDL)|x64.Build.0 = Debug|x64
		{0C5138CA-9C98-4A1A-82B0-E28141DD828A}.Debug Optimized|Win32.ActiveCfg = Debug|Win32
		{0C5138CA-9C98-4A1A-82B0-E28141DD828A}.Debug Optimized|Win32.Build.0 = Debug|Win32
		{0C5138CA-9C98-4A1A-82B0-E28141DD828A}.Debug Optimized|x64.ActiveCfg = Debug|x64
		{0C5138CA-9C98-4A1A-82B0-E28141DD828A}.Debug Optimized|x64.Build.0 = Debug|x64
		{0C5138CA-9C98-4A1A-82B0-E28141DD828A}.Debug|Win32.ActiveCfg = Debug|Win32
		{0C5138CA-9C98-4A1A-82B0-E28141DD828A}.Debug|Win32.Build.0 = Debug|Win32
		{0C5138CA-9C98-4A1A-82B0-E28141DD828A}.Debug|x64.ActiveCfg = Debug|x64
		{0C5138CA-9C98-4A1A-82B0-E28141DD828A}.Debug|x64.Build.0 = Debug|x64
		{0C5138CA-9C98-4A1A-82B0-E28141DD828A}.Release (SDL)|Win32.ActiveCfg = Release|Win32
		{0C5138CA-9C98-4A1A-82B0-E28141DD828A}.Release (SDL)|Win32.Build.0 = Release|Win32
		{0C5138CA-9C98-4A1A-82B0-E28141DD828A}.Release (SDL)|x64.ActiveCfg = Release|x64
		{0C5138CA-9C98-4A1A-82B0-E28141DD828A}.Release (SDL)|x64.Build.0 = Release|x64
		{0C5138CA-9C98-4A1A-82B0-E28141DD828A}.Release|Win32.ActiveCfg = Release|Win32
		{0C5138CA-9C98-4A1A-82B0-E28141DD828A}.Release|Win32.Build.0 = Release|Win32
		{0C5138CA-9C98-4A1A-82B0-E28141DD828A}.Release|x64.ActiveCfg = Release|x64
		{0C5138CA-9C98-4A1A-82B0-E28141DD828A}.Release|x64.Build.0 = Release|x64
		{22F1D479-5066-4DE7-BD4F-B297BEC21D1C}.Debug (SDL)|Win32.ActiveCfg = Debug|Win32
		{22F1D479-5066-4DE7-BD4F-B297BEC21D1C}.Debug (SDL)|Win32.Build.0 = Debug|Win32
		{22F1D479-5066-4DE7-BD4F-B297BEC21D1C}.Debug (SDL)|x64.ActiveCfg = Release|Win32
		{22F1D479-5066-4DE7-BD4F-B297BEC21D1C}.Debug (SDL)|x64.Build.0 = Release|Win32
		{22F1D479-5066-4DE7-BD4F-B297BEC21D1C}.Debug Optimized|Win32.ActiveCfg = Debug|Win32
		{22F1D479-5066-4DE7-BD4F-B297BEC21D1C}.Debug Optimized|Win32.Build.0 = Debug|Win32
		{22F1D479-5066-4DE7-BD4F-B297BEC21D1C}.Debug Optimized|x64.ActiveCfg = Release|Win32
		{22F1D479-5066-4DE7-BD4F-B297BEC21D1C}.Debug Optimized|x64.Build.0 = Release|Win32
		{22F1D479-5066-4DE7-BD4F-B297BEC21D1C}.Debug|Win32.ActiveCfg = Debug|Win32
		{22F1D479-5066-4DE7-BD4F-B297BEC21D1C}.Debug|Win32.Build.0 = Debug|Win32
		{22F1D479-5066-4DE7-BD4F-B297BEC21D1C}.Debug|x64.ActiveCfg = Debug|Win32
		{22F1D479-5066-4DE7-BD4F-B297BEC21D1C}.Release (SDL)|Win32.ActiveCfg = Release|Win32
		{22F1D479-5066-4DE7-BD4F-B297BEC21D1C}.Release (SDL)|Win32.Build.0 = Release|Win32
		{22F1D479-5066-4DE7-BD4F-B297BEC21D1C}.Release (SDL)|x64.ActiveCfg = Release|Win32
		{22F1D479-5066-4DE7-BD4F-B297BEC21D1C}.Release (SDL)|x64.Build.0 = Release|Win32
		{22F1D479-5066-4DE7-BD4F-B297BEC21D1C}.Release|Win32.ActiveCfg = Release|Win32
		{22F1D479-5066-4DE7-BD4F-B297BEC21D1C}.Release|Win32.Build.0 = Release|Win32
		{22F1D479-5066-4DE7-BD4F-B297BEC21D1C}.Release|x64.ActiveCfg = Release|Win32
	EndGlobalSection
	GlobalSection(SolutionProperties) = preSolution
		HideSolutionNode = FALSE
	EndGlobalSection
EndGlobal
