<?xml version="1.0" encoding="utf-8"?>
<Project ToolsVersion="4.0" xmlns="http://schemas.microsoft.com/developer/msbuild/2003">
  <ItemGroup>
    <Filter Include="Source Files">
      <UniqueIdentifier>{4FC737F1-C7A5-4376-A066-2A32D752A2FF}</UniqueIdentifier>
      <Extensions>cpp;c;cc;cxx;c++;cppm;ixx;def;odl;idl;hpj;bat;asm;asmx</Extensions>
    </Filter>
    <Filter Include="Header Files">
      <UniqueIdentifier>{93995380-89BD-4b04-88EB-625FBE52EBFB}</UniqueIdentifier>
      <Extensions>h;hh;hpp;hxx;h++;hm;inl;inc;ipp;xsd</Extensions>
    </Filter>
    <Filter Include="Resource Files">
      <UniqueIdentifier>{67DA6AB6-F800-4c08-8B7A-83BB121AAD01}</UniqueIdentifier>
      <Extensions>rc;ico;cur;bmp;dlg;rc2;rct;bin;rgs;gif;jpg;jpeg;jpe;resx;tiff;tif;png;wav;mfcribbon-ms</Extensions>
    </Filter>
  </ItemGroup>
  <ItemGroup>
    <ClCompile Include="makeobj.cc">
      <Filter>Source Files</Filter>
    </ClCompile>
    <ClCompile Include="..\simutrans\simdebug.cc">
      <Filter>Source Files</Filter>
    </ClCompile>
    <ClCompile Include="..\simutrans\simmem.cc">
      <Filter>Source Files</Filter>
    </ClCompile>
    <ClCompile Include="..\simutrans\dataobj\freelist.cc">
      <Filter>Source Files</Filter>
    </ClCompile>
    <ClCompile Include="..\simutrans\dataobj\tabfile.cc">
      <Filter>Source Files</Filter>
    </ClCompile>
    <ClCompile Include="..\simutrans\descriptor\image.cc">
      <Filter>Source Files</Filter>
    </ClCompile>
    <ClCompile Include="..\simutrans\descriptor\writer\bridge_writer.cc">
      <Filter>Source Files</Filter>
    </ClCompile>
    <ClCompile Include="..\simutrans\descriptor\writer\building_writer.cc">
      <Filter>Source Files</Filter>
    </ClCompile>
    <ClCompile Include="..\simutrans\descriptor\writer\citycar_writer.cc">
      <Filter>Source Files</Filter>
    </ClCompile>
    <ClCompile Include="..\simutrans\descriptor\writer\crossing_writer.cc">
      <Filter>Source Files</Filter>
    </ClCompile>
    <ClCompile Include="..\simutrans\descriptor\writer\factory_writer.cc">
      <Filter>Source Files</Filter>
    </ClCompile>
    <ClCompile Include="..\simutrans\descriptor\writer\get_climate.cc">
      <Filter>Source Files</Filter>
    </ClCompile>
    <ClCompile Include="..\simutrans\descriptor\writer\get_waytype.cc">
      <Filter>Source Files</Filter>
    </ClCompile>
    <ClCompile Include="..\simutrans\descriptor\writer\good_writer.cc">
      <Filter>Source Files</Filter>
    </ClCompile>
    <ClCompile Include="..\simutrans\descriptor\writer\ground_writer.cc">
      <Filter>Source Files</Filter>
    </ClCompile>
    <ClCompile Include="..\simutrans\descriptor\writer\groundobj_writer.cc">
      <Filter>Source Files</Filter>
    </ClCompile>
    <ClCompile Include="..\simutrans\descriptor\writer\image_writer.cc">
      <Filter>Source Files</Filter>
    </ClCompile>
    <ClCompile Include="..\simutrans\descriptor\writer\imagelist_writer.cc">
      <Filter>Source Files</Filter>
    </ClCompile>
    <ClCompile Include="..\simutrans\descriptor\writer\imagelist2d_writer.cc">
      <Filter>Source Files</Filter>
    </ClCompile>
    <ClCompile Include="..\simutrans\descriptor\writer\obj_node.cc">
      <Filter>Source Files</Filter>
    </ClCompile>
    <ClCompile Include="..\simutrans\descriptor\writer\obj_writer.cc">
      <Filter>Source Files</Filter>
    </ClCompile>
    <ClCompile Include="..\simutrans\descriptor\writer\pedestrian_writer.cc">
      <Filter>Source Files</Filter>
    </ClCompile>
    <ClCompile Include="..\simutrans\descriptor\writer\roadsign_writer.cc">
      <Filter>Source Files</Filter>
    </ClCompile>
    <ClCompile Include="..\simutrans\descriptor\writer\root_writer.cc">
      <Filter>Source Files</Filter>
    </ClCompile>
    <ClCompile Include="..\simutrans\descriptor\writer\sim_writer.cc">
      <Filter>Source Files</Filter>
    </ClCompile>
    <ClCompile Include="..\simutrans\descriptor\writer\skin_writer.cc">
      <Filter>Source Files</Filter>
    </ClCompile>
    <ClCompile Include="..\simutrans\descriptor\writer\sound_writer.cc">
      <Filter>Source Files</Filter>
    </ClCompile>
    <ClCompile Include="..\simutrans\descriptor\writer\text_writer.cc">
      <Filter>Source Files</Filter>
    </ClCompile>
    <ClCompile Include="..\simutrans\descriptor\writer\tree_writer.cc">
      <Filter>Source Files</Filter>
    </ClCompile>
    <ClCompile Include="..\simutrans\descriptor\writer\tunnel_writer.cc">
      <Filter>Source Files</Filter>
    </ClCompile>
    <ClCompile Include="..\simutrans\descriptor\writer\vehicle_writer.cc">
      <Filter>Source Files</Filter>
    </ClCompile>
    <ClCompile Include="..\simutrans\descriptor\writer\way_writer.cc">
      <Filter>Source Files</Filter>
    </ClCompile>
    <ClCompile Include="..\simutrans\descriptor\writer\way_obj_writer.cc">
      <Filter>Source Files</Filter>
    </ClCompile>
    <ClCompile Include="..\simutrans\descriptor\writer\xref_writer.cc">
      <Filter>Source Files</Filter>
    </ClCompile>
    <ClCompile Include="..\simutrans\utils\log.cc">
      <Filter>Source Files</Filter>
    </ClCompile>
    <ClCompile Include="..\simutrans\utils\searchfolder.cc">
      <Filter>Source Files</Filter>
    </ClCompile>
    <ClCompile Include="..\simutrans\utils\simstring.cc">
      <Filter>Source Files</Filter>
    </ClCompile>
    <ClCompile Include="..\simutrans\io\classify_file.cc">
      <Filter>Source Files</Filter>
    </ClCompile>
    <ClCompile Include="..\simutrans\io\raw_image.cc">
      <Filter>Source Files</Filter>
    </ClCompile>
    <ClCompile Include="..\simutrans\io\raw_image_bmp.cc">
      <Filter>Source Files</Filter>
    </ClCompile>
    <ClCompile Include="..\simutrans\io\raw_image_png.cc">
      <Filter>Source Files</Filter>
    </ClCompile>
    <ClCompile Include="..\simutrans\io\raw_image_ppm.cc">
      <Filter>Source Files</Filter>
    </ClCompile>
    <ClCompile Include="..\simutrans\simio.cc">
      <Filter>Source Files</Filter>
    </ClCompile>
    <ClCompile Include="..\simutrans\utils\cbuffer.cc">
      <Filter>Source Files</Filter>
    </ClCompile>
  </ItemGroup>
  <ItemGroup>
    <ClInclude Include="..\simutrans\macros.h">
      <Filter>Header Files</Filter>
    </ClInclude>
    <ClInclude Include="..\simutrans\simcolor.h">
      <Filter>Header Files</Filter>
    </ClInclude>
    <ClInclude Include="..\simutrans\simconst.h">
      <Filter>Header Files</Filter>
    </ClInclude>
    <ClInclude Include="..\simutrans\simdebug.h">
      <Filter>Header Files</Filter>
    </ClInclude>
    <ClInclude Include="..\simutrans\simmem.h">
      <Filter>Header Files</Filter>
    </ClInclude>
    <ClInclude Include="..\simutrans\simtypes.h">
      <Filter>Header Files</Filter>
    </ClInclude>
    <ClInclude Include="..\simutrans\simunits.h">
      <Filter>Header Files</Filter>
    </ClInclude>
    <ClInclude Include="..\simutrans\simversion.h">
      <Filter>Header Files</Filter>
    </ClInclude>
    <ClInclude Include="..\simutrans\unicode.h">
      <Filter>Header Files</Filter>
    </ClInclude>
    <ClInclude Include="..\simutrans\dataobj\freelist.h">
      <Filter>Header Files</Filter>
    </ClInclude>
    <ClInclude Include="..\simutrans\dataobj\koord.h">
      <Filter>Header Files</Filter>
    </ClInclude>
    <ClInclude Include="..\simutrans\dataobj\loadsave.h">
      <Filter>Header Files</Filter>
    </ClInclude>
    <ClInclude Include="..\simutrans\dataobj\ribi.h">
      <Filter>Header Files</Filter>
    </ClInclude>
    <ClInclude Include="..\simutrans\dataobj\tabfile.h">
      <Filter>Header Files</Filter>
    </ClInclude>
    <ClInclude Include="..\simutrans\descriptor\bridge_desc.h">
      <Filter>Header Files</Filter>
    </ClInclude>
    <ClInclude Include="..\simutrans\descriptor\building_desc.h">
      <Filter>Header Files</Filter>
    </ClInclude>
    <ClInclude Include="..\simutrans\descriptor\factory_desc.h">
      <Filter>Header Files</Filter>
    </ClInclude>
    <ClInclude Include="..\simutrans\descriptor\goods_desc.h">
      <Filter>Header Files</Filter>
    </ClInclude>
    <ClInclude Include="..\simutrans\descriptor\ground_desc.h">
      <Filter>Header Files</Filter>
    </ClInclude>
    <ClInclude Include="..\simutrans\descriptor\image.h">
      <Filter>Header Files</Filter>
    </ClInclude>
    <ClInclude Include="..\simutrans\descriptor\image_array.h">
      <Filter>Header Files</Filter>
    </ClInclude>
    <ClInclude Include="..\simutrans\descriptor\image_list.h">
      <Filter>Header Files</Filter>
    </ClInclude>
    <ClInclude Include="..\simutrans\descriptor\intro_dates.h">
      <Filter>Header Files</Filter>
    </ClInclude>
    <ClInclude Include="..\simutrans\descriptor\objversion.h">
      <Filter>Header Files</Filter>
    </ClInclude>
    <ClInclude Include="..\simutrans\descriptor\obj_base_desc.h">
      <Filter>Header Files</Filter>
    </ClInclude>
    <ClInclude Include="..\simutrans\descriptor\obj_desc.h">
      <Filter>Header Files</Filter>
    </ClInclude>
    <ClInclude Include="..\simutrans\descriptor\obj_node_info.h">
      <Filter>Header Files</Filter>
    </ClInclude>
    <ClInclude Include="..\simutrans\descriptor\roadsign_desc.h">
      <Filter>Header Files</Filter>
    </ClInclude>
    <ClInclude Include="..\simutrans\descriptor\skin_desc.h">
      <Filter>Header Files</Filter>
    </ClInclude>
    <ClInclude Include="..\simutrans\descriptor\sound_desc.h">
      <Filter>Header Files</Filter>
    </ClInclude>
    <ClInclude Include="..\simutrans\descriptor\text_desc.h">
      <Filter>Header Files</Filter>
    </ClInclude>
    <ClInclude Include="..\simutrans\descriptor\tunnel_desc.h">
      <Filter>Header Files</Filter>
    </ClInclude>
    <ClInclude Include="..\simutrans\descriptor\vehicle_desc.h">
      <Filter>Header Files</Filter>
    </ClInclude>
    <ClInclude Include="..\simutrans\descriptor\way_desc.h">
      <Filter>Header Files</Filter>
    </ClInclude>
    <ClInclude Include="..\simutrans\descriptor\way_obj_desc.h">
      <Filter>Header Files</Filter>
    </ClInclude>
    <ClInclude Include="..\simutrans\descriptor\writer\bridge_writer.h">
      <Filter>Header Files</Filter>
    </ClInclude>
    <ClInclude Include="..\simutrans\descriptor\writer\building_writer.h">
      <Filter>Header Files</Filter>
    </ClInclude>
    <ClInclude Include="..\simutrans\descriptor\writer\citycar_writer.h">
      <Filter>Header Files</Filter>
    </ClInclude>
    <ClInclude Include="..\simutrans\descriptor\writer\crossing_writer.h">
      <Filter>Header Files</Filter>
    </ClInclude>
    <ClInclude Include="..\simutrans\descriptor\writer\factory_writer.h">
      <Filter>Header Files</Filter>
    </ClInclude>
    <ClInclude Include="..\simutrans\descriptor\writer\get_climate.h">
      <Filter>Header Files</Filter>
    </ClInclude>
    <ClInclude Include="..\simutrans\descriptor\writer\get_waytype.h">
      <Filter>Header Files</Filter>
    </ClInclude>
    <ClInclude Include="..\simutrans\descriptor\writer\good_writer.h">
      <Filter>Header Files</Filter>
    </ClInclude>
    <ClInclude Include="..\simutrans\descriptor\writer\ground_writer.h">
      <Filter>Header Files</Filter>
    </ClInclude>
    <ClInclude Include="..\simutrans\descriptor\writer\groundobj_writer.h">
      <Filter>Header Files</Filter>
    </ClInclude>
    <ClInclude Include="..\simutrans\descriptor\writer\image_writer.h">
      <Filter>Header Files</Filter>
    </ClInclude>
    <ClInclude Include="..\simutrans\descriptor\writer\imagelist_writer.h">
      <Filter>Header Files</Filter>
    </ClInclude>
    <ClInclude Include="..\simutrans\descriptor\writer\imagelist2d_writer.h">
      <Filter>Header Files</Filter>
    </ClInclude>
    <ClInclude Include="..\simutrans\descriptor\writer\obj_node.h">
      <Filter>Header Files</Filter>
    </ClInclude>
    <ClInclude Include="..\simutrans\descriptor\writer\obj_pak_exception.h">
      <Filter>Header Files</Filter>
    </ClInclude>
    <ClInclude Include="..\simutrans\descriptor\writer\obj_writer.h">
      <Filter>Header Files</Filter>
    </ClInclude>
    <ClInclude Include="..\simutrans\descriptor\writer\pedestrian_writer.h">
      <Filter>Header Files</Filter>
    </ClInclude>
    <ClInclude Include="..\simutrans\descriptor\writer\roadsign_writer.h">
      <Filter>Header Files</Filter>
    </ClInclude>
    <ClInclude Include="..\simutrans\descriptor\writer\root_writer.h">
      <Filter>Header Files</Filter>
    </ClInclude>
    <ClInclude Include="..\simutrans\descriptor\writer\skin_writer.h">
      <Filter>Header Files</Filter>
    </ClInclude>
    <ClInclude Include="..\simutrans\descriptor\writer\sound_writer.h">
      <Filter>Header Files</Filter>
    </ClInclude>
    <ClInclude Include="..\simutrans\descriptor\writer\text_writer.h">
      <Filter>Header Files</Filter>
    </ClInclude>
    <ClInclude Include="..\simutrans\descriptor\writer\tree_writer.h">
      <Filter>Header Files</Filter>
    </ClInclude>
    <ClInclude Include="..\simutrans\descriptor\writer\tunnel_writer.h">
      <Filter>Header Files</Filter>
    </ClInclude>
    <ClInclude Include="..\simutrans\descriptor\writer\vehicle_writer.h">
      <Filter>Header Files</Filter>
    </ClInclude>
    <ClInclude Include="..\simutrans\descriptor\writer\way_obj_writer.h">
      <Filter>Header Files</Filter>
    </ClInclude>
    <ClInclude Include="..\simutrans\descriptor\writer\way_writer.h">
      <Filter>Header Files</Filter>
    </ClInclude>
    <ClInclude Include="..\simutrans\descriptor\writer\xref_writer.h">
      <Filter>Header Files</Filter>
    </ClInclude>
    <ClInclude Include="..\simutrans\display\clip_num.h">
      <Filter>Header Files</Filter>
    </ClInclude>
    <ClInclude Include="..\simutrans\display\scr_coord.h">
      <Filter>Header Files</Filter>
    </ClInclude>
    <ClInclude Include="..\simutrans\display\simgraph.h">
      <Filter>Header Files</Filter>
    </ClInclude>
    <ClInclude Include="..\simutrans\display\simimg.h">
      <Filter>Header Files</Filter>
    </ClInclude>
    <ClInclude Include="..\simutrans\network\checksum.h">
      <Filter>Header Files</Filter>
    </ClInclude>
    <ClInclude Include="..\simutrans\sys\simsys.h">
      <Filter>Header Files</Filter>
    </ClInclude>
    <ClInclude Include="..\simutrans\tpl\hashtable_tpl.h">
      <Filter>Header Files</Filter>
    </ClInclude>
    <ClInclude Include="..\simutrans\tpl\inthashtable_tpl.h">
      <Filter>Header Files</Filter>
    </ClInclude>
    <ClInclude Include="..\simutrans\tpl\stringhashtable_tpl.h">
      <Filter>Header Files</Filter>
    </ClInclude>
    <ClInclude Include="..\simutrans\tpl\slist_tpl.h">
      <Filter>Header Files</Filter>
    </ClInclude>
    <ClInclude Include="..\simutrans\tpl\vector_tpl.h">
      <Filter>Header Files</Filter>
    </ClInclude>
    <ClInclude Include="..\simutrans\tpl\weighted_vector_tpl.h">
      <Filter>Header Files</Filter>
    </ClInclude>
    <ClInclude Include="..\simutrans\utils\for.h">
      <Filter>Header Files</Filter>
    </ClInclude>
    <ClInclude Include="..\simutrans\utils\log.h">
      <Filter>Header Files</Filter>
    </ClInclude>
    <ClInclude Include="..\simutrans\utils\searchfolder.h">
      <Filter>Header Files</Filter>
    </ClInclude>
    <ClInclude Include="..\simutrans\utils\sha1.h">
      <Filter>Header Files</Filter>
    </ClInclude>
    <ClInclude Include="..\simutrans\utils\simrandom.h">
      <Filter>Header Files</Filter>
    </ClInclude>
    <ClInclude Include="..\simutrans\utils\simstring.h">
      <Filter>Header Files</Filter>
    </ClInclude>
    <ClInclude Include="..\simutrans\io\classify_file.h">
      <Filter>Header Files</Filter>
    </ClInclude>
    <ClInclude Include="..\simutrans\io\raw_image.h">
      <Filter>Header Files</Filter>
    </ClInclude>
    <ClInclude Include="..\simutrans\io\raw_image_bmp.h">
      <Filter>Header Files</Filter>
    </ClInclude>
    <ClInclude Include="..\simutrans\io\raw_image_png.h">
      <Filter>Header Files</Filter>
    </ClInclude>
    <ClInclude Include="..\simutrans\io\raw_image_ppm.h">
      <Filter>Header Files</Filter>
    </ClInclude>
    <ClInclude Include="..\simutrans\simio.h">
      <Filter>Header Files</Filter>
    </ClInclude>
    <ClInclude Include="..\simutrans\utils\cbuffer.h">
      <Filter>Header Files</Filter>
    </ClInclude>
  </ItemGroup>
</Project>